
Microsoft Visual Studio Solution File, Format Version 12.00
# Visual Studio Version 16
VisualStudioVersion = 16.0.32630.194
MinimumVisualStudioVersion = 10.0.40219.1
Project("{FAE04EC0-301F-11D3-BF4B-00C04F79EFBC}") = "ht1", "ht1\ht1.csproj", "{F5615524-8564-44EE-903E-AB1D7595C5D6}"
EndProject
Global
	GlobalSection(SolutionConfigurationPlatforms) = preSolution
		Debug|Any CPU = Debug|Any CPU
		Release|Any CPU = Release|Any CPU
	EndGlobalSection
	GlobalSection(ProjectConfigurationPlatforms) = postSolution
		{F5615524-8564-44EE-903E-AB1D7595C5D6}.Debug|Any CPU.ActiveCfg = Debug|Any CPU
		{F5615524-8564-44EE-903E-AB1D7595C5D6}.Debug|Any CPU.Build.0 = Debug|Any CPU
		{F5615524-8564-44EE-903E-AB1D7595C5D6}.Release|Any CPU.ActiveCfg = Release|Any CPU
		{F5615524-8564-44EE-903E-AB1D7595C5D6}.Release|Any CPU.Build.0 = Release|Any CPU
	EndGlobalSection
	GlobalSection(SolutionProperties) = preSolution
		HideSolutionNode = FALSE
	EndGlobalSection
	GlobalSection(ExtensibilityGlobals) = postSolution
		SolutionGuid = {8BA328CC-BDD9-4A70-852B-AA0C6EB0D41A}
	EndGlobalSection
EndGlobal
